
Microsoft Visual Studio Solution File, Format Version 12.00
# Visual Studio Version 16
VisualStudioVersion = 16.0.31205.134
MinimumVisualStudioVersion = 10.0.40219.1
Project("{FAE04EC0-301F-11D3-BF4B-00C04F79EFBC}") = "CustomClass_Designer", "CustomClass_Designer\CustomClass_Designer.csproj", "{70060195-C272-4AF1-ADE1-122305C7E17A}"
EndProject
Global
	GlobalSection(SolutionConfigurationPlatforms) = preSolution
		Debug|Any CPU = Debug|Any CPU
		Release|Any CPU = Release|Any CPU
	EndGlobalSection
	GlobalSection(ProjectConfigurationPlatforms) = postSolution
		{70060195-C272-4AF1-ADE1-122305C7E17A}.Debug|Any CPU.ActiveCfg = Debug|Any CPU
		{70060195-C272-4AF1-ADE1-122305C7E17A}.Debug|Any CPU.Build.0 = Debug|Any CPU
		{70060195-C272-4AF1-ADE1-122305C7E17A}.Release|Any CPU.ActiveCfg = Release|Any CPU
		{70060195-C272-4AF1-ADE1-122305C7E17A}.Release|Any CPU.Build.0 = Release|Any CPU
	EndGlobalSection
	GlobalSection(SolutionProperties) = preSolution
		HideSolutionNode = FALSE
	EndGlobalSection
	GlobalSection(ExtensibilityGlobals) = postSolution
		SolutionGuid = {A2D19562-38AD-4D74-91F7-1371125DAA1B}
	EndGlobalSection
EndGlobal
